// !$*UTF8*$!
{
	archiveVersion = 1;
	classes = {
	};
	objectVersion = 50;
	objects = {

/* Begin PBXBuildFile section */
		A266F875250A1AE700846F01 /* DeadLock.swift in Sources */ = {isa = PBXBuildFile; fileRef = A266F874250A1AE700846F01 /* DeadLock.swift */; };
		A292A2132508E5AE00121B56 /* AppDelegate.swift in Sources */ = {isa = PBXBuildFile; fileRef = A292A2122508E5AE00121B56 /* AppDelegate.swift */; };
		A292A2152508E5AE00121B56 /* SceneDelegate.swift in Sources */ = {isa = PBXBuildFile; fileRef = A292A2142508E5AE00121B56 /* SceneDelegate.swift */; };
		A292A2172508E5AE00121B56 /* ViewController.swift in Sources */ = {isa = PBXBuildFile; fileRef = A292A2162508E5AE00121B56 /* ViewController.swift */; };
		A292A21A2508E5AE00121B56 /* Main.storyboard in Resources */ = {isa = PBXBuildFile; fileRef = A292A2182508E5AE00121B56 /* Main.storyboard */; };
		A292A21C2508E5B200121B56 /* Assets.xcassets in Resources */ = {isa = PBXBuildFile; fileRef = A292A21B2508E5B200121B56 /* Assets.xcassets */; };
		A292A21F2508E5B200121B56 /* LaunchScreen.storyboard in Resources */ = {isa = PBXBuildFile; fileRef = A292A21D2508E5B200121B56 /* LaunchScreen.storyboard */; };
		A292A22A2508E5B200121B56 /* GCDPlaygroundTests.swift in Sources */ = {isa = PBXBuildFile; fileRef = A292A2292508E5B200121B56 /* GCDPlaygroundTests.swift */; };
		A292A2352508EF7B00121B56 /* Service.swift in Sources */ = {isa = PBXBuildFile; fileRef = A292A2342508EF7B00121B56 /* Service.swift */; };
		A292A2372508F3B200121B56 /* BatchingTasks.swift in Sources */ = {isa = PBXBuildFile; fileRef = A292A2362508F3B200121B56 /* BatchingTasks.swift */; };
		A292A2392508F66500121B56 /* PlayGround.swift in Sources */ = {isa = PBXBuildFile; fileRef = A292A2382508F66500121B56 /* PlayGround.swift */; };
		A292A23B2508F93900121B56 /* notes in Resources */ = {isa = PBXBuildFile; fileRef = A292A23A2508F93900121B56 /* notes */; };
		A292A23E250923E400121B56 /* Semaphore.swift in Sources */ = {isa = PBXBuildFile; fileRef = A292A23D250923E400121B56 /* Semaphore.swift */; };
/* End PBXBuildFile section */

/* Begin PBXContainerItemProxy section */
		A292A2262508E5B200121B56 /* PBXContainerItemProxy */ = {
			isa = PBXContainerItemProxy;
			containerPortal = A292A2072508E5AE00121B56 /* Project object */;
			proxyType = 1;
			remoteGlobalIDString = A292A20E2508E5AE00121B56;
			remoteInfo = GCDPlayground;
		};
/* End PBXContainerItemProxy section */

/* Begin PBXFileReference section */
		A266F874250A1AE700846F01 /* DeadLock.swift */ = {isa = PBXFileReference; lastKnownFileType = sourcecode.swift; path = DeadLock.swift; sourceTree = "<group>"; };
		A292A20F2508E5AE00121B56 /* GCDPlayground.app */ = {isa = PBXFileReference; explicitFileType = wrapper.application; includeInIndex = 0; path = GCDPlayground.app; sourceTree = BUILT_PRODUCTS_DIR; };
		A292A2122508E5AE00121B56 /* AppDelegate.swift */ = {isa = PBXFileReference; lastKnownFileType = sourcecode.swift; path = AppDelegate.swift; sourceTree = "<group>"; };
		A292A2142508E5AE00121B56 /* SceneDelegate.swift */ = {isa = PBXFileReference; lastKnownFileType = sourcecode.swift; path = SceneDelegate.swift; sourceTree = "<group>"; };
		A292A2162508E5AE00121B56 /* ViewController.swift */ = {isa = PBXFileReference; lastKnownFileType = sourcecode.swift; path = ViewController.swift; sourceTree = "<group>"; };
		A292A2192508E5AE00121B56 /* Base */ = {isa = PBXFileReference; lastKnownFileType = file.storyboard; name = Base; path = Base.lproj/Main.storyboard; sourceTree = "<group>"; };
		A292A21B2508E5B200121B56 /* Assets.xcassets */ = {isa = PBXFileReference; lastKnownFileType = folder.assetcatalog; path = Assets.xcassets; sourceTree = "<group>"; };
		A292A21E2508E5B200121B56 /* Base */ = {isa = PBXFileReference; lastKnownFileType = file.storyboard; name = Base; path = Base.lproj/LaunchScreen.storyboard; sourceTree = "<group>"; };
		A292A2202508E5B200121B56 /* Info.plist */ = {isa = PBXFileReference; lastKnownFileType = text.plist.xml; path = Info.plist; sourceTree = "<group>"; };
		A292A2252508E5B200121B56 /* GCDPlaygroundTests.xctest */ = {isa = PBXFileReference; explicitFileType = wrapper.cfbundle; includeInIndex = 0; path = GCDPlaygroundTests.xctest; sourceTree = BUILT_PRODUCTS_DIR; };
		A292A2292508E5B200121B56 /* GCDPlaygroundTests.swift */ = {isa = PBXFileReference; lastKnownFileType = sourcecode.swift; path = GCDPlaygroundTests.swift; sourceTree = "<group>"; };
		A292A22B2508E5B200121B56 /* Info.plist */ = {isa = PBXFileReference; lastKnownFileType = text.plist.xml; path = Info.plist; sourceTree = "<group>"; };
		A292A2342508EF7B00121B56 /* Service.swift */ = {isa = PBXFileReference; lastKnownFileType = sourcecode.swift; path = Service.swift; sourceTree = "<group>"; };
		A292A2362508F3B200121B56 /* BatchingTasks.swift */ = {isa = PBXFileReference; lastKnownFileType = sourcecode.swift; path = BatchingTasks.swift; sourceTree = "<group>"; };
		A292A2382508F66500121B56 /* PlayGround.swift */ = {isa = PBXFileReference; lastKnownFileType = sourcecode.swift; path = PlayGround.swift; sourceTree = "<group>"; };
		A292A23A2508F93900121B56 /* notes */ = {isa = PBXFileReference; lastKnownFileType = text; path = notes; sourceTree = "<group>"; };
		A292A23D250923E400121B56 /* Semaphore.swift */ = {isa = PBXFileReference; lastKnownFileType = sourcecode.swift; path = Semaphore.swift; sourceTree = "<group>"; };
/* End PBXFileReference section */

/* Begin PBXFrameworksBuildPhase section */
		A292A20C2508E5AE00121B56 /* Frameworks */ = {
			isa = PBXFrameworksBuildPhase;
			buildActionMask = 2147483647;
			files = (
			);
			runOnlyForDeploymentPostprocessing = 0;
		};
		A292A2222508E5B200121B56 /* Frameworks */ = {
			isa = PBXFrameworksBuildPhase;
			buildActionMask = 2147483647;
			files = (
			);
			runOnlyForDeploymentPostprocessing = 0;
		};
/* End PBXFrameworksBuildPhase section */

/* Begin PBXGroup section */
		A292A2062508E5AE00121B56 = {
			isa = PBXGroup;
			children = (
				A292A2112508E5AE00121B56 /* GCDPlayground */,
				A292A2282508E5B200121B56 /* GCDPlaygroundTests */,
				A292A2102508E5AE00121B56 /* Products */,
			);
			sourceTree = "<group>";
		};
		A292A2102508E5AE00121B56 /* Products */ = {
			isa = PBXGroup;
			children = (
				A292A20F2508E5AE00121B56 /* GCDPlayground.app */,
				A292A2252508E5B200121B56 /* GCDPlaygroundTests.xctest */,
			);
			name = Products;
			sourceTree = "<group>";
		};
		A292A2112508E5AE00121B56 /* GCDPlayground */ = {
			isa = PBXGroup;
			children = (
				A292A2122508E5AE00121B56 /* AppDelegate.swift */,
				A292A2142508E5AE00121B56 /* SceneDelegate.swift */,
				A292A2162508E5AE00121B56 /* ViewController.swift */,
				A292A2182508E5AE00121B56 /* Main.storyboard */,
				A292A21B2508E5B200121B56 /* Assets.xcassets */,
				A292A21D2508E5B200121B56 /* LaunchScreen.storyboard */,
				A292A2202508E5B200121B56 /* Info.plist */,
				A292A2342508EF7B00121B56 /* Service.swift */,
				A292A2362508F3B200121B56 /* BatchingTasks.swift */,
				A292A2382508F66500121B56 /* PlayGround.swift */,
				A292A23D250923E400121B56 /* Semaphore.swift */,
				A266F874250A1AE700846F01 /* DeadLock.swift */,
				A292A23A2508F93900121B56 /* notes */,
			);
			path = GCDPlayground;
			sourceTree = "<group>";
		};
		A292A2282508E5B200121B56 /* GCDPlaygroundTests */ = {
			isa = PBXGroup;
			children = (
				A292A2292508E5B200121B56 /* GCDPlaygroundTests.swift */,
				A292A22B2508E5B200121B56 /* Info.plist */,
			);
			path = GCDPlaygroundTests;
			sourceTree = "<group>";
		};
/* End PBXGroup section */

/* Begin PBXNativeTarget section */
		A292A20E2508E5AE00121B56 /* GCDPlayground */ = {
			isa = PBXNativeTarget;
			buildConfigurationList = A292A22E2508E5B200121B56 /* Build configuration list for PBXNativeTarget "GCDPlayground" */;
			buildPhases = (
				A292A20B2508E5AE00121B56 /* Sources */,
				A292A20C2508E5AE00121B56 /* Frameworks */,
				A292A20D2508E5AE00121B56 /* Resources */,
			);
			buildRules = (
			);
			dependencies = (
			);
			name = GCDPlayground;
			productName = GCDPlayground;
			productReference = A292A20F2508E5AE00121B56 /* GCDPlayground.app */;
			productType = "com.apple.product-type.application";
		};
		A292A2242508E5B200121B56 /* GCDPlaygroundTests */ = {
			isa = PBXNativeTarget;
			buildConfigurationList = A292A2312508E5B200121B56 /* Build configuration list for PBXNativeTarget "GCDPlaygroundTests" */;
			buildPhases = (
				A292A2212508E5B200121B56 /* Sources */,
				A292A2222508E5B200121B56 /* Frameworks */,
				A292A2232508E5B200121B56 /* Resources */,
			);
			buildRules = (
			);
			dependencies = (
				A292A2272508E5B200121B56 /* PBXTargetDependency */,
			);
			name = GCDPlaygroundTests;
			productName = GCDPlaygroundTests;
			productReference = A292A2252508E5B200121B56 /* GCDPlaygroundTests.xctest */;
			productType = "com.apple.product-type.bundle.unit-test";
		};
/* End PBXNativeTarget section */

/* Begin PBXProject section */
		A292A2072508E5AE00121B56 /* Project object */ = {
			isa = PBXProject;
			attributes = {
				LastSwiftUpdateCheck = 1150;
				LastUpgradeCheck = 1150;
				ORGANIZATIONNAME = "Mohamed Korany";
				TargetAttributes = {
					A292A20E2508E5AE00121B56 = {
						CreatedOnToolsVersion = 11.5;
					};
					A292A2242508E5B200121B56 = {
						CreatedOnToolsVersion = 11.5;
						TestTargetID = A292A20E2508E5AE00121B56;
					};
				};
			};
			buildConfigurationList = A292A20A2508E5AE00121B56 /* Build configuration list for PBXProject "GCDPlayground" */;
			compatibilityVersion = "Xcode 9.3";
			developmentRegion = en;
			hasScannedForEncodings = 0;
			knownRegions = (
				en,
				Base,
			);
			mainGroup = A292A2062508E5AE00121B56;
			productRefGroup = A292A2102508E5AE00121B56 /* Products */;
			projectDirPath = "";
			projectRoot = "";
			targets = (
				A292A20E2508E5AE00121B56 /* GCDPlayground */,
				A292A2242508E5B200121B56 /* GCDPlaygroundTests */,
			);
		};
/* End PBXProject section */

/* Begin PBXResourcesBuildPhase section */
		A292A20D2508E5AE00121B56 /* Resources */ = {
			isa = PBXResourcesBuildPhase;
			buildActionMask = 2147483647;
			files = (
				A292A21F2508E5B200121B56 /* LaunchScreen.storyboard in Resources */,
				A292A21C2508E5B200121B56 /* Assets.xcassets in Resources */,
				A292A23B2508F93900121B56 /* notes in Resources */,
				A292A21A2508E5AE00121B56 /* Main.storyboard in Resources */,
			);
			runOnlyForDeploymentPostprocessing = 0;
		};
		A292A2232508E5B200121B56 /* Resources */ = {
			isa = PBXResourcesBuildPhase;
			buildActionMask = 2147483647;
			files = (
			);
			runOnlyForDeploymentPostprocessing = 0;
		};
/* End PBXResourcesBuildPhase section */

/* Begin PBXSourcesBuildPhase section */
		A292A20B2508E5AE00121B56 /* Sources */ = {
			isa = PBXSourcesBuildPhase;
			buildActionMask = 2147483647;
			files = (
				A266F875250A1AE700846F01 /* DeadLock.swift in Sources */,
				A292A2392508F66500121B56 /* PlayGround.swift in Sources */,
				A292A2172508E5AE00121B56 /* ViewController.swift in Sources */,
				A292A2372508F3B200121B56 /* BatchingTasks.swift in Sources */,
				A292A2352508EF7B00121B56 /* Service.swift in Sources */,
				A292A2132508E5AE00121B56 /* AppDelegate.swift in Sources */,
				A292A23E250923E400121B56 /* Semaphore.swift in Sources */,
				A292A2152508E5AE00121B56 /* SceneDelegate.swift in Sources */,
			);
			runOnlyForDeploymentPostprocessing = 0;
		};
		A292A2212508E5B200121B56 /* Sources */ = {
			isa = PBXSourcesBuildPhase;
			buildActionMask = 2147483647;
			files = (
				A292A22A2508E5B200121B56 /* GCDPlaygroundTests.swift in Sources */,
			);
			runOnlyForDeploymentPostprocessing = 0;
		};
/* End PBXSourcesBuildPhase section */

/* Begin PBXTargetDependency section */
		A292A2272508E5B200121B56 /* PBXTargetDependency */ = {
			isa = PBXTargetDependency;
			target = A292A20E2508E5AE00121B56 /* GCDPlayground */;
			targetProxy = A292A2262508E5B200121B56 /* PBXContainerItemProxy */;
		};
/* End PBXTargetDependency section */

/* Begin PBXVariantGroup section */
		A292A2182508E5AE00121B56 /* Main.storyboard */ = {
			isa = PBXVariantGroup;
			children = (
				A292A2192508E5AE00121B56 /* Base */,
			);
			name = Main.storyboard;
			sourceTree = "<group>";
		};
		A292A21D2508E5B200121B56 /* LaunchScreen.storyboard */ = {
			isa = PBXVariantGroup;
			children = (
				A292A21E2508E5B200121B56 /* Base */,
			);
			name = LaunchScreen.storyboard;
			sourceTree = "<group>";
		};
/* End PBXVariantGroup section */

/* Begin XCBuildConfiguration section */
		A292A22C2508E5B200121B56 /* Debug */ = {
			isa = XCBuildConfiguration;
			buildSettings = {
				ALWAYS_SEARCH_USER_PATHS = NO;
				CLANG_ANALYZER_NONNULL = YES;
				CLANG_ANALYZER_NUMBER_OBJECT_CONVERSION = YES_AGGRESSIVE;
				CLANG_CXX_LANGUAGE_STANDARD = "gnu++14";
				CLANG_CXX_LIBRARY = "libc++";
				CLANG_ENABLE_MODULES = YES;
				CLANG_ENABLE_OBJC_ARC = YES;
				CLANG_ENABLE_OBJC_WEAK = YES;
				CLANG_WARN_BLOCK_CAPTURE_AUTORELEASING = YES;
				CLANG_WARN_BOOL_CONVERSION = YES;
				CLANG_WARN_COMMA = YES;
				CLANG_WARN_CONSTANT_CONVERSION = YES;
				CLANG_WARN_DEPRECATED_OBJC_IMPLEMENTATIONS = YES;
				CLANG_WARN_DIRECT_OBJC_ISA_USAGE = YES_ERROR;
				CLANG_WARN_DOCUMENTATION_COMMENTS = YES;
				CLANG_WARN_EMPTY_BODY = YES;
				CLANG_WARN_ENUM_CONVERSION = YES;
				CLANG_WARN_INFINITE_RECURSION = YES;
				CLANG_WARN_INT_CONVERSION = YES;
				CLANG_WARN_NON_LITERAL_NULL_CONVERSION = YES;
				CLANG_WARN_OBJC_IMPLICIT_RETAIN_SELF = YES;
				CLANG_WARN_OBJC_LITERAL_CONVERSION = YES;
				CLANG_WARN_OBJC_ROOT_CLASS = YES_ERROR;
				CLANG_WARN_RANGE_LOOP_ANALYSIS = YES;
				CLANG_WARN_STRICT_PROTOTYPES = YES;
				CLANG_WARN_SUSPICIOUS_MOVE = YES;
				CLANG_WARN_UNGUARDED_AVAILABILITY = YES_AGGRESSIVE;
				CLANG_WARN_UNREACHABLE_CODE = YES;
				CLANG_WARN__DUPLICATE_METHOD_MATCH = YES;
				COPY_PHASE_STRIP = NO;
				DEBUG_INFORMATION_FORMAT = dwarf;
				ENABLE_STRICT_OBJC_MSGSEND = YES;
				ENABLE_TESTABILITY = YES;
				GCC_C_LANGUAGE_STANDARD = gnu11;
				GCC_DYNAMIC_NO_PIC = NO;
				GCC_NO_COMMON_BLOCKS = YES;
				GCC_OPTIMIZATION_LEVEL = 0;
				GCC_PREPROCESSOR_DEFINITIONS = (
					"DEBUG=1",
					"$(inherited)",
				);
				GCC_WARN_64_TO_32_BIT_CONVERSION = YES;
				GCC_WARN_ABOUT_RETURN_TYPE = YES_ERROR;
				GCC_WARN_UNDECLARED_SELECTOR = YES;
				GCC_WARN_UNINITIALIZED_AUTOS = YES_AGGRESSIVE;
				GCC_WARN_UNUSED_FUNCTION = YES;
				GCC_WARN_UNUSED_VARIABLE = YES;
				IPHONEOS_DEPLOYMENT_TARGET = 13.5;
				MTL_ENABLE_DEBUG_INFO = INCLUDE_SOURCE;
				MTL_FAST_MATH = YES;
				ONLY_ACTIVE_ARCH = YES;
				SDKROOT = iphoneos;
				SWIFT_ACTIVE_COMPILATION_CONDITIONS = DEBUG;
				SWIFT_OPTIMIZATION_LEVEL = "-Onone";
			};
			name = Debug;
		};
		A292A22D2508E5B200121B56 /* Release */ = {
			isa = XCBuildConfiguration;
			buildSettings = {
				ALWAYS_SEARCH_USER_PATHS = NO;
				CLANG_ANALYZER_NONNULL = YES;
				CLANG_ANALYZER_NUMBER_OBJECT_CONVERSION = YES_AGGRESSIVE;
				CLANG_CXX_LANGUAGE_STANDARD = "gnu++14";
				CLANG_CXX_LIBRARY = "libc++";
				CLANG_ENABLE_MODULES = YES;
				CLANG_ENABLE_OBJC_ARC = YES;
				CLANG_ENABLE_OBJC_WEAK = YES;
				CLANG_WARN_BLOCK_CAPTURE_AUTORELEASING = YES;
				CLANG_WARN_BOOL_CONVERSION = YES;
				CLANG_WARN_COMMA = YES;
				CLANG_WARN_CONSTANT_CONVERSION = YES;
				CLANG_WARN_DEPRECATED_OBJC_IMPLEMENTATIONS = YES;
				CLANG_WARN_DIRECT_OBJC_ISA_USAGE = YES_ERROR;
				CLANG_WARN_DOCUMENTATION_COMMENTS = YES;
				CLANG_WARN_EMPTY_BODY = YES;
				CLANG_WARN_ENUM_CONVERSION = YES;
				CLANG_WARN_INFINITE_RECURSION = YES;
				CLANG_WARN_INT_CONVERSION = YES;
				CLANG_WARN_NON_LITERAL_NULL_CONVERSION = YES;
				CLANG_WARN_OBJC_IMPLICIT_RETAIN_SELF = YES;
				CLANG_WARN_OBJC_LITERAL_CONVERSION = YES;
				CLANG_WARN_OBJC_ROOT_CLASS = YES_ERROR;
				CLANG_WARN_RANGE_LOOP_ANALYSIS = YES;
				CLANG_WARN_STRICT_PROTOTYPES = YES;
				CLANG_WARN_SUSPICIOUS_MOVE = YES;
				CLANG_WARN_UNGUARDED_AVAILABILITY = YES_AGGRESSIVE;
				CLANG_WARN_UNREACHABLE_CODE = YES;
				CLANG_WARN__DUPLICATE_METHOD_MATCH = YES;
				COPY_PHASE_STRIP = NO;
				DEBUG_INFORMATION_FORMAT = "dwarf-with-dsym";
				ENABLE_NS_ASSERTIONS = NO;
				ENABLE_STRICT_OBJC_MSGSEND = YES;
				GCC_C_LANGUAGE_STANDARD = gnu11;
				GCC_NO_COMMON_BLOCKS = YES;
				GCC_WARN_64_TO_32_BIT_CONVERSION = YES;
				GCC_WARN_ABOUT_RETURN_TYPE = YES_ERROR;
				GCC_WARN_UNDECLARED_SELECTOR = YES;
				GCC_WARN_UNINITIALIZED_AUTOS = YES_AGGRESSIVE;
				GCC_WARN_UNUSED_FUNCTION = YES;
				GCC_WARN_UNUSED_VARIABLE = YES;
				IPHONEOS_DEPLOYMENT_TARGET = 13.5;
				MTL_ENABLE_DEBUG_INFO = NO;
				MTL_FAST_MATH = YES;
				SDKROOT = iphoneos;
				SWIFT_COMPILATION_MODE = wholemodule;
				SWIFT_OPTIMIZATION_LEVEL = "-O";
				VALIDATE_PRODUCT = YES;
			};
			name = Release;
		};
		A292A22F2508E5B200121B56 /* Debug */ = {
			isa = XCBuildConfiguration;
			buildSettings = {
				ASSETCATALOG_COMPILER_APPICON_NAME = AppIcon;
				CODE_SIGN_STYLE = Automatic;
				DEVELOPMENT_TEAM = BZNVZNNVVR;
				INFOPLIST_FILE = GCDPlayground/Info.plist;
				LD_RUNPATH_SEARCH_PATHS = (
					"$(inherited)",
					"@executable_path/Frameworks",
				);
				PRODUCT_BUNDLE_IDENTIFIER = com.vl.GCDPlayground;
				PRODUCT_NAME = "$(TARGET_NAME)";
				SWIFT_VERSION = 5.0;
				TARGETED_DEVICE_FAMILY = "1,2";
			};
			name = Debug;
		};
		A292A2302508E5B200121B56 /* Release */ = {
			isa = XCBuildConfiguration;
			buildSettings = {
				ASSETCATALOG_COMPILER_APPICON_NAME = AppIcon;
				CODE_SIGN_STYLE = Automatic;
				DEVELOPMENT_TEAM = BZNVZNNVVR;
				INFOPLIST_FILE = GCDPlayground/Info.plist;
				LD_RUNPATH_SEARCH_PATHS = (
					"$(inherited)",
					"@executable_path/Frameworks",
				);
				PRODUCT_BUNDLE_IDENTIFIER = com.vl.GCDPlayground;
				PRODUCT_NAME = "$(TARGET_NAME)";
				SWIFT_VERSION = 5.0;
				TARGETED_DEVICE_FAMILY = "1,2";
			};
			name = Release;
		};
		A292A2322508E5B200121B56 /* Debug */ = {
			isa = XCBuildConfiguration;
			buildSettings = {
				ALWAYS_EMBED_SWIFT_STANDARD_LIBRARIES = YES;
				BUNDLE_LOADER = "$(TEST_HOST)";
				CODE_SIGN_STYLE = Automatic;
				DEVELOPMENT_TEAM = BZNVZNNVVR;
				INFOPLIST_FILE = GCDPlaygroundTests/Info.plist;
				IPHONEOS_DEPLOYMENT_TARGET = 13.5;
				LD_RUNPATH_SEARCH_PATHS = (
					"$(inherited)",
					"@executable_path/Frameworks",
					"@loader_path/Frameworks",
				);
				PRODUCT_BUNDLE_IDENTIFIER = com.vl.GCDPlaygroundTests;
				PRODUCT_NAME = "$(TARGET_NAME)";
				SWIFT_VERSION = 5.0;
				TARGETED_DEVICE_FAMILY = "1,2";
				TEST_HOST = "$(BUILT_PRODUCTS_DIR)/GCDPlayground.app/GCDPlayground";
			};
			name = Debug;
		};
		A292A2332508E5B200121B56 /* Release */ = {
			isa = XCBuildConfiguration;
			buildSettings = {
				ALWAYS_EMBED_SWIFT_STANDARD_LIBRARIES = YES;
				BUNDLE_LOADER = "$(TEST_HOST)";
				CODE_SIGN_STYLE = Automatic;
				DEVELOPMENT_TEAM = BZNVZNNVVR;
				INFOPLIST_FILE = GCDPlaygroundTests/Info.plist;
				IPHONEOS_DEPLOYMENT_TARGET = 13.5;
				LD_RUNPATH_SEARCH_PATHS = (
					"$(inherited)",
					"@executable_path/Frameworks",
					"@loader_path/Frameworks",
				);
				PRODUCT_BUNDLE_IDENTIFIER = com.vl.GCDPlaygroundTests;
				PRODUCT_NAME = "$(TARGET_NAME)";
				SWIFT_VERSION = 5.0;
				TARGETED_DEVICE_FAMILY = "1,2";
				TEST_HOST = "$(BUILT_PRODUCTS_DIR)/GCDPlayground.app/GCDPlayground";
			};
			name = Release;
		};
/* End XCBuildConfiguration section */

/* Begin XCConfigurationList section */
		A292A20A2508E5AE00121B56 /* Build configuration list for PBXProject "GCDPlayground" */ = {
			isa = XCConfigurationList;
			buildConfigurations = (
				A292A22C2508E5B200121B56 /* Debug */,
				A292A22D2508E5B200121B56 /* Release */,
			);
			defaultConfigurationIsVisible = 0;
			defaultConfigurationName = Release;
		};
		A292A22E2508E5B200121B56 /* Build configuration list for PBXNativeTarget "GCDPlayground" */ = {
			isa = XCConfigurationList;
			buildConfigurations = (
				A292A22F2508E5B200121B56 /* Debug */,
				A292A2302508E5B200121B56 /* Release */,
			);
			defaultConfigurationIsVisible = 0;
			defaultConfigurationName = Release;
		};
		A292A2312508E5B200121B56 /* Build configuration list for PBXNativeTarget "GCDPlaygroundTests" */ = {
			isa = XCConfigurationList;
			buildConfigurations = (
				A292A2322508E5B200121B56 /* Debug */,
				A292A2332508E5B200121B56 /* Release */,
			);
			defaultConfigurationIsVisible = 0;
			defaultConfigurationName = Release;
		};
/* End XCConfigurationList section */
	};
	rootObject = A292A2072508E5AE00121B56 /* Project object */;
}
